
Microsoft Visual Studio Solution File, Format Version 12.00
# Visual Studio Version 17
VisualStudioVersion = 17.0.32112.339
MinimumVisualStudioVersion = 10.0.40219.1
Project("{9A19103F-16F7-4668-BE54-9A1E7A4F7556}") = "ATS.DarkSearch", "ATS.DarkSearch.csproj", "{9645F788-565B-4B1C-96A7-437BCC450271}"
EndProject
Global
	GlobalSection(SolutionConfigurationPlatforms) = preSolution
		Debug|Any CPU = Debug|Any CPU
		Release|Any CPU = Release|Any CPU
	EndGlobalSection
	GlobalSection(ProjectConfigurationPlatforms) = postSolution
		{9645F788-565B-4B1C-96A7-437BCC450271}.Debug|Any CPU.ActiveCfg = Debug|Any CPU
		{9645F788-565B-4B1C-96A7-437BCC450271}.Debug|Any CPU.Build.0 = Debug|Any CPU
		{9645F788-565B-4B1C-96A7-437BCC450271}.Release|Any CPU.ActiveCfg = Release|Any CPU
		{9645F788-565B-4B1C-96A7-437BCC450271}.Release|Any CPU.Build.0 = Release|Any CPU
	EndGlobalSection
	GlobalSection(SolutionProperties) = preSolution
		HideSolutionNode = FALSE
	EndGlobalSection
	GlobalSection(ExtensibilityGlobals) = postSolution
		SolutionGuid = {1A02985A-4FB3-4C00-939F-4D3EA31BCE58}
	EndGlobalSection
EndGlobal
